
Microsoft Visual Studio Solution File, Format Version 12.00
# Visual Studio 15
VisualStudioVersion = 15.0.28307.572
MinimumVisualStudioVersion = 10.0.40219.1
Project("{FAE04EC0-301F-11D3-BF4B-00C04F79EFBC}") = "YouBeat", "YouBeat\YouBeat.csproj", "{477A2CD9-3382-45FC-83B1-DBAE44A819AE}"
EndProject
Global
	GlobalSection(SolutionConfigurationPlatforms) = preSolution
		Debug|Any CPU = Debug|Any CPU
		Release|Any CPU = Release|Any CPU
	EndGlobalSection
	GlobalSection(ProjectConfigurationPlatforms) = postSolution
		{477A2CD9-3382-45FC-83B1-DBAE44A819AE}.Debug|Any CPU.ActiveCfg = Debug|Any CPU
		{477A2CD9-3382-45FC-83B1-DBAE44A819AE}.Debug|Any CPU.Build.0 = Debug|Any CPU
		{477A2CD9-3382-45FC-83B1-DBAE44A819AE}.Release|Any CPU.ActiveCfg = Release|Any CPU
		{477A2CD9-3382-45FC-83B1-DBAE44A819AE}.Release|Any CPU.Build.0 = Release|Any CPU
	EndGlobalSection
	GlobalSection(SolutionProperties) = preSolution
		HideSolutionNode = FALSE
	EndGlobalSection
	GlobalSection(ExtensibilityGlobals) = postSolution
		SolutionGuid = {0130D070-F6C2-467E-BA8D-BC18302C54A5}
	EndGlobalSection
EndGlobal
